
Microsoft Visual Studio Solution File, Format Version 12.00
# Visual Studio Version 17
VisualStudioVersion = 17.9.34526.213
MinimumVisualStudioVersion = 10.0.40219.1
Project("{8BC9CEB8-8B4A-11D0-8D11-00A0C91BC942}") = "3DCurves", "3DCurves\3DCurves.vcxproj", "{A3A41A20-2FB0-43A2-8BEE-89E7CFB0CD06}"
	ProjectSection(ProjectDependencies) = postProject
		{408E2DA5-80F1-4034-B88A-1461FCB705D9} = {408E2DA5-80F1-4034-B88A-1461FCB705D9}
	EndProjectSection
EndProject
Project("{8BC9CEB8-8B4A-11D0-8D11-00A0C91BC942}") = "3DCurvesTest", "3DCurvesTest\3DCurvesTest.vcxproj", "{408E2DA5-80F1-4034-B88A-1461FCB705D9}"
EndProject
Project("{8BC9CEB8-8B4A-11D0-8D11-00A0C91BC942}") = "CurvesLibrary", "CurvesLibrary\CurvesLibrary.vcxproj", "{77E39CE0-0CA6-48A6-BA27-BCE3FDD78506}"
EndProject
Project("{8BC9CEB8-8B4A-11D0-8D11-00A0C91BC942}") = "CurvesClient", "CurvesClient\CurvesClient.vcxproj", "{92AA600E-A40F-4DD4-9493-416FCD242D98}"
	ProjectSection(ProjectDependencies) = postProject
		{77E39CE0-0CA6-48A6-BA27-BCE3FDD78506} = {77E39CE0-0CA6-48A6-BA27-BCE3FDD78506}
	EndProjectSection
EndProject
Project("{2150E333-8FDC-42A3-9474-1A3956D46DE8}") = "Task1-6", "Task1-6", "{EECEBC36-6680-49B6-B546-9A6D9B8D52AC}"
EndProject
Project("{2150E333-8FDC-42A3-9474-1A3956D46DE8}") = "Task7-8", "Task7-8", "{439C0542-E488-41FB-8FBA-BCF166623E7F}"
EndProject
Global
	GlobalSection(SolutionConfigurationPlatforms) = preSolution
		Debug|x64 = Debug|x64
		Debug|x86 = Debug|x86
		Release|x64 = Release|x64
		Release|x86 = Release|x86
	EndGlobalSection
	GlobalSection(ProjectConfigurationPlatforms) = postSolution
		{A3A41A20-2FB0-43A2-8BEE-89E7CFB0CD06}.Debug|x64.ActiveCfg = Debug|x64
		{A3A41A20-2FB0-43A2-8BEE-89E7CFB0CD06}.Debug|x64.Build.0 = Debug|x64
		{A3A41A20-2FB0-43A2-8BEE-89E7CFB0CD06}.Debug|x86.ActiveCfg = Debug|Win32
		{A3A41A20-2FB0-43A2-8BEE-89E7CFB0CD06}.Debug|x86.Build.0 = Debug|Win32
		{A3A41A20-2FB0-43A2-8BEE-89E7CFB0CD06}.Release|x64.ActiveCfg = Release|x64
		{A3A41A20-2FB0-43A2-8BEE-89E7CFB0CD06}.Release|x64.Build.0 = Release|x64
		{A3A41A20-2FB0-43A2-8BEE-89E7CFB0CD06}.Release|x86.ActiveCfg = Release|Win32
		{A3A41A20-2FB0-43A2-8BEE-89E7CFB0CD06}.Release|x86.Build.0 = Release|Win32
		{408E2DA5-80F1-4034-B88A-1461FCB705D9}.Debug|x64.ActiveCfg = Debug|x64
		{408E2DA5-80F1-4034-B88A-1461FCB705D9}.Debug|x64.Build.0 = Debug|x64
		{408E2DA5-80F1-4034-B88A-1461FCB705D9}.Debug|x86.ActiveCfg = Debug|Win32
		{408E2DA5-80F1-4034-B88A-1461FCB705D9}.Debug|x86.Build.0 = Debug|Win32
		{408E2DA5-80F1-4034-B88A-1461FCB705D9}.Release|x64.ActiveCfg = Release|x64
		{408E2DA5-80F1-4034-B88A-1461FCB705D9}.Release|x64.Build.0 = Release|x64
		{408E2DA5-80F1-4034-B88A-1461FCB705D9}.Release|x86.ActiveCfg = Release|Win32
		{408E2DA5-80F1-4034-B88A-1461FCB705D9}.Release|x86.Build.0 = Release|Win32
		{77E39CE0-0CA6-48A6-BA27-BCE3FDD78506}.Debug|x64.ActiveCfg = Debug|x64
		{77E39CE0-0CA6-48A6-BA27-BCE3FDD78506}.Debug|x64.Build.0 = Debug|x64
		{77E39CE0-0CA6-48A6-BA27-BCE3FDD78506}.Debug|x86.ActiveCfg = Debug|Win32
		{77E39CE0-0CA6-48A6-BA27-BCE3FDD78506}.Debug|x86.Build.0 = Debug|Win32
		{77E39CE0-0CA6-48A6-BA27-BCE3FDD78506}.Release|x64.ActiveCfg = Release|x64
		{77E39CE0-0CA6-48A6-BA27-BCE3FDD78506}.Release|x64.Build.0 = Release|x64
		{77E39CE0-0CA6-48A6-BA27-BCE3FDD78506}.Release|x86.ActiveCfg = Release|Win32
		{77E39CE0-0CA6-48A6-BA27-BCE3FDD78506}.Release|x86.Build.0 = Release|Win32
		{92AA600E-A40F-4DD4-9493-416FCD242D98}.Debug|x64.ActiveCfg = Debug|x64
		{92AA600E-A40F-4DD4-9493-416FCD242D98}.Debug|x64.Build.0 = Debug|x64
		{92AA600E-A40F-4DD4-9493-416FCD242D98}.Debug|x86.ActiveCfg = Debug|Win32
		{92AA600E-A40F-4DD4-9493-416FCD242D98}.Debug|x86.Build.0 = Debug|Win32
		{92AA600E-A40F-4DD4-9493-416FCD242D98}.Release|x64.ActiveCfg = Release|x64
		{92AA600E-A40F-4DD4-9493-416FCD242D98}.Release|x64.Build.0 = Release|x64
		{92AA600E-A40F-4DD4-9493-416FCD242D98}.Release|x86.ActiveCfg = Release|Win32
		{92AA600E-A40F-4DD4-9493-416FCD242D98}.Release|x86.Build.0 = Release|Win32
	EndGlobalSection
	GlobalSection(SolutionProperties) = preSolution
		HideSolutionNode = FALSE
	EndGlobalSection
	GlobalSection(NestedProjects) = preSolution
		{A3A41A20-2FB0-43A2-8BEE-89E7CFB0CD06} = {EECEBC36-6680-49B6-B546-9A6D9B8D52AC}
		{408E2DA5-80F1-4034-B88A-1461FCB705D9} = {EECEBC36-6680-49B6-B546-9A6D9B8D52AC}
		{77E39CE0-0CA6-48A6-BA27-BCE3FDD78506} = {439C0542-E488-41FB-8FBA-BCF166623E7F}
		{92AA600E-A40F-4DD4-9493-416FCD242D98} = {439C0542-E488-41FB-8FBA-BCF166623E7F}
	EndGlobalSection
	GlobalSection(ExtensibilityGlobals) = postSolution
		SolutionGuid = {45A49872-346C-49C7-B263-D81658356A2F}
	EndGlobalSection
EndGlobal
